{
  "name": "leafer-echarts",
  "version": "0.1.0",
  "lockfileVersion": 3,
  "requires": true,
  "packages": {
    "": {
      "name": "leafer-echarts",
      "version": "0.1.0",
      "license": "MIT",
      "devDependencies": {
        "echarts": "^5.6.0",
        "leafer-ui": "^1.12.4",
        "tsup": "^8.5.1",
        "typescript": "^5.9.3"
      },
      "peerDependencies": {
        "echarts": ">=5.0.0 <6.0.0",
        "leafer-ui": ">=1.0.0"
      }
    },
    "node_modules/@esbuild/darwin-arm64": {
      "version": "0.27.7",
      "resolved": "https://registry.npmjs.org/@esbuild/darwin-arm64/-/darwin-arm64-0.27.7.tgz",
      "integrity": "sha512-5lckdqeuBPlKUwvoCXIgI2D9/ABmPq3Rdp7IfL70393YgaASt7tbju3Ac+ePVi3KDH6N2RqePfHnXkaDtY9fkw==",
      "cpu": [
        "arm64"
      ],
      "dev": true,
      "license": "MIT",
      "optional": true,
      "os": [
        "darwin"
      ],
      "engines": {
        "node": ">=18"
      }
    },
    "node_modules/@jridgewell/gen-mapping": {
      "version": "0.3.13",
      "resolved": "https://registry.npmjs.org/@jridgewell/gen-mapping/-/gen-mapping-0.3.13.tgz",
      "integrity": "sha512-2kkt/7niJ6MgEPxF0bYdQ6etZaA+fQvDcLKckhy1yIQOzaoKjBBjSj63/aLVjYE3qhRt5dvM+uUyfCg6UKCBbA==",
      "dev": true,
      "license": "MIT",
      "dependencies": {
        "@jridgewell/sourcemap-codec": "^1.5.0",
        "@jridgewell/trace-mapping": "^0.3.24"
      }
    },
    "node_modules/@jridgewell/resolve-uri": {
      "version": "3.1.2",
      "resolved": "https://registry.npmjs.org/@jridgewell/resolve-uri/-/resolve-uri-3.1.2.tgz",
      "integrity": "sha512-bRISgCIjP20/tbWSPWMEi54QVPRZExkuD9lJL+UIxUKtwVJA8wW1Trb1jMs1RFXo1CBTNZ/5hpC9QvmKWdopKw==",
      "dev": true,
      "license": "MIT",
      "engines": {
        "node": ">=6.0.0"
      }
    },
    "node_modules/@jridgewell/sourcemap-codec": {
      "version": "1.5.5",
      "resolved": "https://registry.npmjs.org/@jridgewell/sourcemap-codec/-/sourcemap-codec-1.5.5.tgz",
      "integrity": "sha512-cYQ9310grqxueWbl+WuIUIaiUaDcj7WOq5fVhEljNVgRfOUhY9fy2zTvfoqWsnebh8Sl70VScFbICvJnLKB0Og==",
      "dev": true,
      "license": "MIT"
    },
    "node_modules/@jridgewell/trace-mapping": {
      "version": "0.3.31",
      "resolved": "https://registry.npmjs.org/@jridgewell/trace-mapping/-/trace-mapping-0.3.31.tgz",
      "integrity": "sha512-zzNR+SdQSDJzc8joaeP8QQoCQr8NuYx2dIIytl1QeBEZHJ9uW6hebsrYgbz8hJwUQao3TWCMtmfV8Nu1twOLAw==",
      "dev": true,
      "license": "MIT",
      "dependencies": {
        "@jridgewell/resolve-uri": "^3.1.0",
        "@jridgewell/sourcemap-codec": "^1.4.14"
      }
    },
    "node_modules/@leafer-in/interface": {
      "version": "1.12.4",
      "resolved": "https://registry.npmjs.org/@leafer-in/interface/-/interface-1.12.4.tgz",
      "integrity": "sha512-mfapNGG62UuyeAlAm8gjWS0+2s8/Hp37+JMjo8pgUPy3zxXMWnSKudMTj24TlTeRZGwNnXNyFzk7p8Pzev0BUQ==",
      "dev": true,
      "license": "MIT",
      "peerDependencies": {
        "@leafer-ui/interface": "^1.12.4",
        "@leafer/interface": "^1.12.4"
      }
    },
    "node_modules/@leafer-ui/app": {
      "version": "1.12.4",
      "resolved": "https://registry.npmjs.org/@leafer-ui/app/-/app-1.12.4.tgz",
      "integrity": "sha512-On5zZGDK4W7n857tVdINk0gLFzL8a+BmGi7RXXrthMaL2GgUG37eF/Yc+3dZy+ILi0tF56/GbV6zjhhoE3UuHw==",
      "dev": true,
      "license": "MIT",
      "dependencies": {
        "@leafer-ui/data": "1.12.4",
        "@leafer-ui/display": "1.12.4",
        "@leafer/core": "1.12.4"
      }
    },
    "node_modules/@leafer-ui/bounds": {
      "version": "1.12.4",
      "resolved": "https://registry.npmjs.org/@leafer-ui/bounds/-/bounds-1.12.4.tgz",
      "integrity": "sha512-TOW8/l71qkpnMe5JgGd0hMHVq1+UKxpGN0lIXUmbRGatwnODJA9VcxDCoGw9S7mOnksbnKLfYNKl5/LpBKYDLg==",
      "dev": true,
      "license": "MIT",
      "dependencies": {
        "@leafer/core": "1.12.4"
      }
    },
    "node_modules/@leafer-ui/color": {
      "version": "1.12.4",
      "resolved": "https://registry.npmjs.org/@leafer-ui/color/-/color-1.12.4.tgz",
      "integrity": "sha512-ZGl8wHIJ78IHDQcMbzbWRhdlmRNQHRwNdxiKcWuMsQgQr1i3mXleMtiiduDfFeML+WcI0p2DvUhrdUVL/Gr20w==",
      "dev": true,
      "license": "MIT",
      "dependencies": {
        "@leafer-ui/draw": "1.12.4",
        "@leafer/core": "1.12.4"
      }
    },
    "node_modules/@leafer-ui/core": {
      "version": "1.12.4",
      "resolved": "https://registry.npmjs.org/@leafer-ui/core/-/core-1.12.4.tgz",
      "integrity": "sha512-t817dNzr2YPaBgcPlpgabugF8pvU0EeKgWPMaRKHLi/i1i3xZEh+2uzj/+Iz5UhKlQmxzgPFbzgZzxxoovnt5w==",
      "dev": true,
      "license": "MIT",
      "dependencies": {
        "@leafer-ui/app": "1.12.4",
        "@leafer-ui/draw": "1.12.4",
        "@leafer-ui/event": "1.12.4",
        "@leafer-ui/hit": "1.12.4",
        "@leafer-ui/interaction": "1.12.4"
      }
    },
    "node_modules/@leafer-ui/data": {
      "version": "1.12.4",
      "resolved": "https://registry.npmjs.org/@leafer-ui/data/-/data-1.12.4.tgz",
      "integrity": "sha512-W/mM3kmpksdt8qavJ/CwbhW/xnpNUF365DFWY8TIvcEd3sMyu8IbuRbrYMSqcuUEjZ60uePhLRjj9elu21O1zw==",
      "dev": true,
      "license": "MIT",
      "dependencies": {
        "@leafer-ui/external": "1.12.4",
        "@leafer/core": "1.12.4"
      }
    },
    "node_modules/@leafer-ui/decorator": {
      "version": "1.12.4",
      "resolved": "https://registry.npmjs.org/@leafer-ui/decorator/-/decorator-1.12.4.tgz",
      "integrity": "sha512-sbHUKYk4tAB+WeudIER5n5FJoQZAXQWJY1ih6ZwtGjKKl32ltR8mwJm/nEVLeAg1YjRfdEKnSraVptE5GwiH9Q==",
      "dev": true,
      "license": "MIT",
      "dependencies": {
        "@leafer/core": "1.12.4"
      }
    },
    "node_modules/@leafer-ui/display": {
      "version": "1.12.4",
      "resolved": "https://registry.npmjs.org/@leafer-ui/display/-/display-1.12.4.tgz",
      "integrity": "sha512-+h2EUjf7Ahr2bQLsAoS7JBD7tsFmaw4Qn4Fl6Fj5VdKb00vdnV7U2tomnptkqeYZbo4OO4R5QwcMoOHBZibddQ==",
      "dev": true,
      "license": "MIT",
      "dependencies": {
        "@leafer-ui/data": "1.12.4",
        "@leafer-ui/decorator": "1.12.4",
        "@leafer-ui/display-module": "1.12.4",
        "@leafer-ui/external": "1.12.4",
        "@leafer/core": "1.12.4"
      }
    },
    "node_modules/@leafer-ui/display-module": {
      "version": "1.12.4",
      "resolved": "https://registry.npmjs.org/@leafer-ui/display-module/-/display-module-1.12.4.tgz",
      "integrity": "sha512-/chxO6AGdwSJDM6Q0EwxDPnlX+3f+szP1YiOpTeP9QPcGCh/w+vGFVcHh9HrV0Yie4qlpFgJSvvdujSf0q9r3w==",
      "dev": true,
      "license": "MIT",
      "dependencies": {
        "@leafer-ui/bounds": "1.12.4",
        "@leafer-ui/data": "1.12.4",
        "@leafer-ui/render": "1.12.4"
      }
    },
    "node_modules/@leafer-ui/draw": {
      "version": "1.12.4",
      "resolved": "https://registry.npmjs.org/@leafer-ui/draw/-/draw-1.12.4.tgz",
      "integrity": "sha512-val6CqftBADLbMdlkyqeOVno9U46eWkrDHwuVs7FS9MDWxVMgR9dSc2mYgXjfrB04Q3swrMFV9bWasK347AJ/A==",
      "dev": true,
      "license": "MIT",
      "dependencies": {
        "@leafer-ui/decorator": "1.12.4",
        "@leafer-ui/display": "1.12.4",
        "@leafer-ui/display-module": "1.12.4",
        "@leafer-ui/external": "1.12.4",
        "@leafer/core": "1.12.4"
      }
    },
    "node_modules/@leafer-ui/effect": {
      "version": "1.12.4",
      "resolved": "https://registry.npmjs.org/@leafer-ui/effect/-/effect-1.12.4.tgz",
      "integrity": "sha512-YtwxhG+c1SofLWpwLcyKtT2hbOoJzFrywUK8XxrOw8aV/s+R3x8PyOUfGX2at0bS7Wu9NeXAgD2KoVN0ciMSgg==",
      "dev": true,
      "license": "MIT",
      "dependencies": {
        "@leafer-ui/draw": "1.12.4",
        "@leafer/core": "1.12.4"
      }
    },
    "node_modules/@leafer-ui/event": {
      "version": "1.12.4",
      "resolved": "https://registry.npmjs.org/@leafer-ui/event/-/event-1.12.4.tgz",
      "integrity": "sha512-Kcsw3eYSr1GXSsvxynnd0JoK/IZX5UPY1KFrnstlK+MpZOTvGA6XrzBlEgmArwP3BU7axumwSjzl0TmPq09huQ==",
      "dev": true,
      "license": "MIT",
      "dependencies": {
        "@leafer/core": "1.12.4"
      }
    },
    "node_modules/@leafer-ui/external": {
      "version": "1.12.4",
      "resolved": "https://registry.npmjs.org/@leafer-ui/external/-/external-1.12.4.tgz",
      "integrity": "sha512-UOC8olHoX9Ft4R5+K0je3EN+/lKtE0uTSB0Hx32E9mZFR+Jl0E0NUGlUVKYUxWADOtuEN+Pei5+JWPgkMh+L/Q==",
      "dev": true,
      "license": "MIT",
      "dependencies": {
        "@leafer/core": "1.12.4"
      }
    },
    "node_modules/@leafer-ui/hit": {
      "version": "1.12.4",
      "resolved": "https://registry.npmjs.org/@leafer-ui/hit/-/hit-1.12.4.tgz",
      "integrity": "sha512-WlPm91u4nIf/yFeBifUL27KGzD+daaooPEgQUnupKDs9WT8/+E7VxCCJ28Bt3WN8/5sVyU0gOzNRmLdS3XvWDA==",
      "dev": true,
      "license": "MIT",
      "dependencies": {
        "@leafer-ui/draw": "1.12.4",
        "@leafer/core": "1.12.4"
      }
    },
    "node_modules/@leafer-ui/interaction": {
      "version": "1.12.4",
      "resolved": "https://registry.npmjs.org/@leafer-ui/interaction/-/interaction-1.12.4.tgz",
      "integrity": "sha512-d+mg01spqbNDiycaXKhLze91F+xCPizzO3UxJZStJ/AlRXlj2MtNgdtC5bBrZ1c1yXgOB/J7VEvH/f5GAoXcNQ==",
      "dev": true,
      "license": "MIT",
      "dependencies": {
        "@leafer-ui/draw": "1.12.4",
        "@leafer-ui/event": "1.12.4",
        "@leafer/core": "1.12.4"
      }
    },
    "node_modules/@leafer-ui/interaction-web": {
      "version": "1.12.4",
      "resolved": "https://registry.npmjs.org/@leafer-ui/interaction-web/-/interaction-web-1.12.4.tgz",
      "integrity": "sha512-LsGPqP8P83pNcT0EF2Z9qiOpDgFzMZ/eL2Hm/2M9I6AAJLB5sBgmhLHv5p+eaOnD1fCIQPMTR7axymQgeYrTmA==",
      "dev": true,
      "license": "MIT",
      "dependencies": {
        "@leafer-ui/core": "1.12.4",
        "@leafer/core": "1.12.4"
      }
    },
    "node_modules/@leafer-ui/interface": {
      "version": "1.12.4",
      "resolved": "https://registry.npmjs.org/@leafer-ui/interface/-/interface-1.12.4.tgz",
      "integrity": "sha512-HuP07Xzk36RjjOVuFcIouazvk8jv5tucJFO/7hysqrIKlzRA+1p9Uy6IzUfQWmO6OvcOXEESo4FMny3MHzeAMA==",
      "dev": true,
      "license": "MIT",
      "dependencies": {
        "@leafer/interface": "1.12.4"
      }
    },
    "node_modules/@leafer-ui/paint": {
      "version": "1.12.4",
      "resolved": "https://registry.npmjs.org/@leafer-ui/paint/-/paint-1.12.4.tgz",
      "integrity": "sha512-chmbY53OgFHPu7bmRgjsf7O/AyWJws1tJiAH5MqCdjgW+Pg3bkaeDwdE6IxevsKh3WstL3paM85Y4xRIeIW95Q==",
      "dev": true,
      "license": "MIT",
      "dependencies": {
        "@leafer-ui/draw": "1.12.4",
        "@leafer/core": "1.12.4"
      }
    },
    "node_modules/@leafer-ui/partner": {
      "version": "1.12.4",
      "resolved": "https://registry.npmjs.org/@leafer-ui/partner/-/partner-1.12.4.tgz",
      "integrity": "sha512-iYUDnpA0wsTIIAudDYmU3NVrGhfYKchbHmtN4ITxIS0GSyOSeDw9NrgKOf0BE4umMGLW60szMWP2u77QXmH+bA==",
      "dev": true,
      "license": "MIT",
      "dependencies": {
        "@leafer-ui/color": "1.12.4",
        "@leafer-ui/draw": "1.12.4",
        "@leafer-ui/effect": "1.12.4",
        "@leafer-ui/paint": "1.12.4",
        "@leafer-ui/text": "1.12.4"
      }
    },
    "node_modules/@leafer-ui/render": {
      "version": "1.12.4",
      "resolved": "https://registry.npmjs.org/@leafer-ui/render/-/render-1.12.4.tgz",
      "integrity": "sha512-fmZsecEwoeO0Is8HW0c1ozn36FloePgdtXQV/pAhVXSuXdPeR82gVWcWR54AU7XoD8Bu2Bs+y8u/pHZQUnQY8g==",
      "dev": true,
      "license": "MIT",
      "dependencies": {
        "@leafer-ui/external": "1.12.4"
      }
    },
    "node_modules/@leafer-ui/text": {
      "version": "1.12.4",
      "resolved": "https://registry.npmjs.org/@leafer-ui/text/-/text-1.12.4.tgz",
      "integrity": "sha512-oLQXM2BXrrjxp8ogZMWq3t2Z5PH8UdltibU/9ViBK6w9siFKst1vyVAonYCEkfX4ZQPlh/WGoUzwQCyEP72+fw==",
      "dev": true,
      "license": "MIT",
      "dependencies": {
        "@leafer/core": "1.12.4"
      }
    },
    "node_modules/@leafer-ui/web": {
      "version": "1.12.4",
      "resolved": "https://registry.npmjs.org/@leafer-ui/web/-/web-1.12.4.tgz",
      "integrity": "sha512-ojuBqYJZWaBqKy3PlX+TvLKLlOho6klJmQ1cOsl5o1o+SujWnwGLJR2QhqG3w6xB2F8d1BiZIig4hw6ktX5asg==",
      "dev": true,
      "license": "MIT",
      "dependencies": {
        "@leafer-in/interface": "1.12.4",
        "@leafer-ui/core": "1.12.4",
        "@leafer-ui/draw": "1.12.4",
        "@leafer-ui/interaction-web": "1.12.4",
        "@leafer-ui/interface": "1.12.4",
        "@leafer-ui/partner": "1.12.4",
        "@leafer/canvas-web": "1.12.4",
        "@leafer/core": "1.12.4",
        "@leafer/image-web": "1.12.4",
        "@leafer/interface": "1.12.4",
        "@leafer/partner": "1.12.4"
      }
    },
    "node_modules/@leafer/canvas": {
      "version": "1.12.4",
      "resolved": "https://registry.npmjs.org/@leafer/canvas/-/canvas-1.12.4.tgz",
      "integrity": "sha512-xRwkdW6imLVYrcRz0me2o+I3kLsUg2CARfXkesCYzT7W06uQO54L4j0OOItwKFH+VFywqdTOIxox5EWs/iyFSA==",
      "dev": true,
      "license": "MIT",
      "dependencies": {
        "@leafer/data": "1.12.4",
        "@leafer/debug": "1.12.4",
        "@leafer/file": "1.12.4",
        "@leafer/list": "1.12.4",
        "@leafer/math": "1.12.4",
        "@leafer/path": "1.12.4",
        "@leafer/platform": "1.12.4"
      }
    },
    "node_modules/@leafer/canvas-web": {
      "version": "1.12.4",
      "resolved": "https://registry.npmjs.org/@leafer/canvas-web/-/canvas-web-1.12.4.tgz",
      "integrity": "sha512-kPqOcUw53PF4guNZZwlqBmVcnWtfE9wopWm130I4foflTgD9WSa47T+9OnQO5QEA0ABDjG00Zs/Y7RRX/WijMg==",
      "dev": true,
      "license": "MIT",
      "dependencies": {
        "@leafer/core": "1.12.4"
      }
    },
    "node_modules/@leafer/core": {
      "version": "1.12.4",
      "resolved": "https://registry.npmjs.org/@leafer/core/-/core-1.12.4.tgz",
      "integrity": "sha512-ynSLvDIn8ChNaqgsdCcSs2uTl4LL6IZtFzIN95qqBe8ciHROs7hoyMKEapqRpYMD8rvRisTqXCevUkGuMeQ6Ww==",
      "dev": true,
      "license": "MIT",
      "dependencies": {
        "@leafer/canvas": "1.12.4",
        "@leafer/data": "1.12.4",
        "@leafer/debug": "1.12.4",
        "@leafer/decorator": "1.12.4",
        "@leafer/display": "1.12.4",
        "@leafer/display-module": "1.12.4",
        "@leafer/event": "1.12.4",
        "@leafer/file": "1.12.4",
        "@leafer/helper": "1.12.4",
        "@leafer/image": "1.12.4",
        "@leafer/layout": "1.12.4",
        "@leafer/list": "1.12.4",
        "@leafer/math": "1.12.4",
        "@leafer/path": "1.12.4",
        "@leafer/platform": "1.12.4",
        "@leafer/task": "1.12.4"
      }
    },
    "node_modules/@leafer/data": {
      "version": "1.12.4",
      "resolved": "https://registry.npmjs.org/@leafer/data/-/data-1.12.4.tgz",
      "integrity": "sha512-J9zoBDs9qGmHeCgxIoF01K0MFo7KF1SmwGtvPdn3PlcW5IYPHf61Q5tQqwrmyX2mOBQoSbq5BmYYyJPL5q9SjQ==",
      "dev": true,
      "license": "MIT"
    },
    "node_modules/@leafer/debug": {
      "version": "1.12.4",
      "resolved": "https://registry.npmjs.org/@leafer/debug/-/debug-1.12.4.tgz",
      "integrity": "sha512-EZxmEiEPUX2Nt7FTDN6DaV8Vbi1hiPLYSHrVA6iqgASUzQThBlFFslL3vzNUcaFvts8f/vOj7kn65hS0DSDA+w==",
      "dev": true,
      "license": "MIT",
      "dependencies": {
        "@leafer/data": "1.12.4",
        "@leafer/math": "1.12.4"
      }
    },
    "node_modules/@leafer/decorator": {
      "version": "1.12.4",
      "resolved": "https://registry.npmjs.org/@leafer/decorator/-/decorator-1.12.4.tgz",
      "integrity": "sha512-MeNXtBFwF7i22+7t1keah1AzCzO1P9GAFd8Kqk2Ju1ZNrJ3iom1JpqCySLYix33exUXHm7lLkAAHpTg5V2g8tg==",
      "dev": true,
      "license": "MIT",
      "dependencies": {
        "@leafer/data": "1.12.4",
        "@leafer/debug": "1.12.4",
        "@leafer/platform": "1.12.4"
      }
    },
    "node_modules/@leafer/display": {
      "version": "1.12.4",
      "resolved": "https://registry.npmjs.org/@leafer/display/-/display-1.12.4.tgz",
      "integrity": "sha512-IHFl2lx/lkcLbR0+o2xPmPjdaUULo8g1t6jKLDAbbtjyiyKPfRY+X4g4P8lJaR5ngxj+87avpP0nR0goZMtyyg==",
      "dev": true,
      "license": "MIT",
      "dependencies": {
        "@leafer/data": "1.12.4",
        "@leafer/debug": "1.12.4",
        "@leafer/decorator": "1.12.4",
        "@leafer/display-module": "1.12.4",
        "@leafer/event": "1.12.4",
        "@leafer/helper": "1.12.4",
        "@leafer/image": "1.12.4",
        "@leafer/layout": "1.12.4",
        "@leafer/math": "1.12.4",
        "@leafer/platform": "1.12.4"
      }
    },
    "node_modules/@leafer/display-module": {
      "version": "1.12.4",
      "resolved": "https://registry.npmjs.org/@leafer/display-module/-/display-module-1.12.4.tgz",
      "integrity": "sha512-XsfKeyd2khIucEXcQJdRU0Ufw+xJY8iO2xegnxlP0bXUq3FClNwTn7UAJj8Abh2yzKCRa3r/R24sEjITKVUBtQ==",
      "dev": true,
      "license": "MIT",
      "dependencies": {
        "@leafer/data": "1.12.4",
        "@leafer/debug": "1.12.4",
        "@leafer/event": "1.12.4",
        "@leafer/helper": "1.12.4",
        "@leafer/math": "1.12.4"
      }
    },
    "node_modules/@leafer/event": {
      "version": "1.12.4",
      "resolved": "https://registry.npmjs.org/@leafer/event/-/event-1.12.4.tgz",
      "integrity": "sha512-XjY3sCCAcZa6+1ezbCli19MRCIdTHOSSisLgx3kpy+55jVXEGS0d3577844BjYbyAoUmbPtEnjHGRxWHQRMmwQ==",
      "dev": true,
      "license": "MIT",
      "dependencies": {
        "@leafer/data": "1.12.4",
        "@leafer/decorator": "1.12.4",
        "@leafer/math": "1.12.4",
        "@leafer/platform": "1.12.4"
      }
    },
    "node_modules/@leafer/file": {
      "version": "1.12.4",
      "resolved": "https://registry.npmjs.org/@leafer/file/-/file-1.12.4.tgz",
      "integrity": "sha512-VUVOW6YN63GKFqfkWK9+XRKuNEVsxdcS7CcT6Bp7fyRDCvlfua1+8kk/IQA9SFFtgvhY5gCMPU0T4J2mFRAPow==",
      "dev": true,
      "license": "MIT",
      "dependencies": {
        "@leafer/data": "1.12.4",
        "@leafer/debug": "1.12.4",
        "@leafer/platform": "1.12.4",
        "@leafer/task": "1.12.4"
      }
    },
    "node_modules/@leafer/helper": {
      "version": "1.12.4",
      "resolved": "https://registry.npmjs.org/@leafer/helper/-/helper-1.12.4.tgz",
      "integrity": "sha512-gtHvmG/Cl0t+C/zOep5Rpxh4IwB+4f+nj5f6jd5ouLFz0IXT0HXoRyt7J5XmCX51tiUzTFPFK658KXx034oMLA==",
      "dev": true,
      "license": "MIT",
      "dependencies": {
        "@leafer/data": "1.12.4",
        "@leafer/math": "1.12.4",
        "@leafer/platform": "1.12.4"
      }
    },
    "node_modules/@leafer/image": {
      "version": "1.12.4",
      "resolved": "https://registry.npmjs.org/@leafer/image/-/image-1.12.4.tgz",
      "integrity": "sha512-U3ATiDG6aG1btR9ybDYoAazqpYeIxCy2eKyF22yTiROIsBoWXy4ygM6yU2TVVbwyI1v6+8ISTf6ESVVN0HNAYg==",
      "dev": true,
      "license": "MIT",
      "dependencies": {
        "@leafer/data": "1.12.4",
        "@leafer/file": "1.12.4",
        "@leafer/math": "1.12.4",
        "@leafer/platform": "1.12.4",
        "@leafer/task": "1.12.4"
      }
    },
    "node_modules/@leafer/image-web": {
      "version": "1.12.4",
      "resolved": "https://registry.npmjs.org/@leafer/image-web/-/image-web-1.12.4.tgz",
      "integrity": "sha512-f7EQpXtTwo8dAXg7hg42rrMlL++GZr4Lg9TX5QMkiSIjTfLtVRZAQzVlm48bF/mx68dpPK3wZT+2oasgYNPr0g==",
      "dev": true,
      "license": "MIT",
      "dependencies": {
        "@leafer/core": "1.12.4"
      }
    },
    "node_modules/@leafer/interface": {
      "version": "1.12.4",
      "resolved": "https://registry.npmjs.org/@leafer/interface/-/interface-1.12.4.tgz",
      "integrity": "sha512-LuTVU2Zu7FFGLZr81VtIOJS/ruiWZt7k2kMKwBtFFSMRevEEYX3xjI7Fi9lVGea8ACgdymlCGNbxuswf1VeCAg==",
      "dev": true,
      "license": "MIT"
    },
    "node_modules/@leafer/layout": {
      "version": "1.12.4",
      "resolved": "https://registry.npmjs.org/@leafer/layout/-/layout-1.12.4.tgz",
      "integrity": "sha512-+C8lOLXr3MUm3KEfwST/js5dQccqsrcFKAcTjGTqN+/nGEYcJp/spjPxq8siTUqfvnPW2L7v+ksxr0qVGBoCnQ==",
      "dev": true,
      "license": "MIT",
      "dependencies": {
        "@leafer/data": "1.12.4",
        "@leafer/helper": "1.12.4",
        "@leafer/math": "1.12.4",
        "@leafer/platform": "1.12.4"
      }
    },
    "node_modules/@leafer/layouter": {
      "version": "1.12.4",
      "resolved": "https://registry.npmjs.org/@leafer/layouter/-/layouter-1.12.4.tgz",
      "integrity": "sha512-LDWjKvKtRJJVzC9cFHa5j+ZLsdOHT5F4esv1SaEX1JlvYxYbWwlC6EQZvfH2BMyAEQh/PA6TjDR93XVJ865jmQ==",
      "dev": true,
      "license": "MIT",
      "dependencies": {
        "@leafer/core": "1.12.4"
      }
    },
    "node_modules/@leafer/list": {
      "version": "1.12.4",
      "resolved": "https://registry.npmjs.org/@leafer/list/-/list-1.12.4.tgz",
      "integrity": "sha512-hN2E1/0Zmql805IN2UmwSG40W0KsOGkSFDQWEhYgvUMLF1vJnNeMntidDSSRr10R4tqbbJYbmzBJsGM9LBC84g==",
      "dev": true,
      "license": "MIT"
    },
    "node_modules/@leafer/math": {
      "version": "1.12.4",
      "resolved": "https://registry.npmjs.org/@leafer/math/-/math-1.12.4.tgz",
      "integrity": "sha512-xHBLT8j1K4TZY0gAT2PnWhWs4wFwH6PuHQD4zlk0xlXfcdRf12l34PIgNCcicp07BH2JB4q4o/+uWxc40nUnVg==",
      "dev": true,
      "license": "MIT"
    },
    "node_modules/@leafer/partner": {
      "version": "1.12.4",
      "resolved": "https://registry.npmjs.org/@leafer/partner/-/partner-1.12.4.tgz",
      "integrity": "sha512-CLKz14fKLtAQClduMP6RhPHQSKM3dXN+4ku5zyyds3ruf/FbcaYfSOdOTAh/BSPCqMeuyV36NAHFIDEXE506LQ==",
      "dev": true,
      "license": "MIT",
      "dependencies": {
        "@leafer/core": "1.12.4",
        "@leafer/layouter": "1.12.4",
        "@leafer/renderer": "1.12.4",
        "@leafer/selector": "1.12.4",
        "@leafer/watcher": "1.12.4"
      }
    },
    "node_modules/@leafer/path": {
      "version": "1.12.4",
      "resolved": "https://registry.npmjs.org/@leafer/path/-/path-1.12.4.tgz",
      "integrity": "sha512-JuAGZp5BayfmFaKI34K+rL/oNXd3XRh1/1IoAZ/ncFQuiDFOVa24HMqnYd9MN/wvf2EDeRyHGD3AoCFfj1vfmA==",
      "dev": true,
      "license": "MIT",
      "dependencies": {
        "@leafer/data": "1.12.4",
        "@leafer/debug": "1.12.4",
        "@leafer/math": "1.12.4"
      }
    },
    "node_modules/@leafer/platform": {
      "version": "1.12.4",
      "resolved": "https://registry.npmjs.org/@leafer/platform/-/platform-1.12.4.tgz",
      "integrity": "sha512-4lHORnlJeFkWGOrvvqAb8z0hjqIptZzT0NPd+PP2weaLtrTevXSKDrrSISQsenP8ZQTcC4tFXcrDBX2qXNfCTg==",
      "dev": true,
      "license": "MIT",
      "dependencies": {
        "@leafer/data": "1.12.4",
        "@leafer/debug": "1.12.4"
      }
    },
    "node_modules/@leafer/renderer": {
      "version": "1.12.4",
      "resolved": "https://registry.npmjs.org/@leafer/renderer/-/renderer-1.12.4.tgz",
      "integrity": "sha512-zbbg9Bf7F85JEgJR6gOQaRgsIyC32dzTJiz0SQHlOiGZ8NFNazsEeBVqzBxK3iIOYVPurvX4NoAQfnDboBenMA==",
      "dev": true,
      "license": "MIT",
      "dependencies": {
        "@leafer/core": "1.12.4"
      }
    },
    "node_modules/@leafer/selector": {
      "version": "1.12.4",
      "resolved": "https://registry.npmjs.org/@leafer/selector/-/selector-1.12.4.tgz",
      "integrity": "sha512-4qH0QGgUzcEizA5my/uKCrKYSwYzxFVmwcTVefh5aMSwJkzpNWW5v3rO0vTu9YZE69neVWk/XyL34rCbS9ywRQ==",
      "dev": true,
      "license": "MIT",
      "dependencies": {
        "@leafer/core": "1.12.4"
      }
    },
    "node_modules/@leafer/task": {
      "version": "1.12.4",
      "resolved": "https://registry.npmjs.org/@leafer/task/-/task-1.12.4.tgz",
      "integrity": "sha512-0+2GVFBnYHxPcs/ZSW2PQPA13lLo4QfcPYnsK8a4v8hCoTwbbuPsqrNNpJHpOKp6ncK0WbxpWZEoCqTSflq38Q==",
      "dev": true,
      "license": "MIT",
      "dependencies": {
        "@leafer/debug": "1.12.4",
        "@leafer/math": "1.12.4"
      }
    },
    "node_modules/@leafer/watcher": {
      "version": "1.12.4",
      "resolved": "https://registry.npmjs.org/@leafer/watcher/-/watcher-1.12.4.tgz",
      "integrity": "sha512-zSQpyoU/Z/CCjpcXpvH65YTCcthf2ObvbSuNcuV0ki4aNm+UNK/6f/U7B+lLq8tYa96G742W2m5eoOeK4U1UoQ==",
      "dev": true,
      "license": "MIT",
      "dependencies": {
        "@leafer/data": "1.12.4",
        "@leafer/event": "1.12.4",
        "@leafer/list": "1.12.4"
      }
    },
    "node_modules/@rollup/rollup-darwin-arm64": {
      "version": "4.60.1",
      "resolved": "https://registry.npmjs.org/@rollup/rollup-darwin-arm64/-/rollup-darwin-arm64-4.60.1.tgz",
      "integrity": "sha512-mjCpF7GmkRtSJwon+Rq1N8+pI+8l7w5g9Z3vWj4T7abguC4Czwi3Yu/pFaLvA3TTeMVjnu3ctigusqWUfjZzvw==",
      "cpu": [
        "arm64"
      ],
      "dev": true,
      "license": "MIT",
      "optional": true,
      "os": [
        "darwin"
      ]
    },
    "node_modules/@types/estree": {
      "version": "1.0.8",
      "resolved": "https://registry.npmjs.org/@types/estree/-/estree-1.0.8.tgz",
      "integrity": "sha512-dWHzHa2WqEXI/O1E9OjrocMTKJl2mSrEolh1Iomrv6U+JuNwaHXsXx9bLu5gG7BUWFIN0skIQJQ/L1rIex4X6w==",
      "dev": true,
      "license": "MIT"
    },
    "node_modules/acorn": {
      "version": "8.16.0",
      "resolved": "https://registry.npmjs.org/acorn/-/acorn-8.16.0.tgz",
      "integrity": "sha512-UVJyE9MttOsBQIDKw1skb9nAwQuR5wuGD3+82K6JgJlm/Y+KI92oNsMNGZCYdDsVtRHSak0pcV5Dno5+4jh9sw==",
      "dev": true,
      "license": "MIT",
      "bin": {
        "acorn": "bin/acorn"
      },
      "engines": {
        "node": ">=0.4.0"
      }
    },
    "node_modules/any-promise": {
      "version": "1.3.0",
      "resolved": "https://registry.npmjs.org/any-promise/-/any-promise-1.3.0.tgz",
      "integrity": "sha512-7UvmKalWRt1wgjL1RrGxoSJW/0QZFIegpeGvZG9kjp8vrRu55XTHbwnqq2GpXm9uLbcuhxm3IqX9OB4MZR1b2A==",
      "dev": true,
      "license": "MIT"
    },
    "node_modules/bundle-require": {
      "version": "5.1.0",
      "resolved": "https://registry.npmjs.org/bundle-require/-/bundle-require-5.1.0.tgz",
      "integrity": "sha512-3WrrOuZiyaaZPWiEt4G3+IffISVC9HYlWueJEBWED4ZH4aIAC2PnkdnuRrR94M+w6yGWn4AglWtJtBI8YqvgoA==",
      "dev": true,
      "license": "MIT",
      "dependencies": {
        "load-tsconfig": "^0.2.3"
      },
      "engines": {
        "node": "^12.20.0 || ^14.13.1 || >=16.0.0"
      },
      "peerDependencies": {
        "esbuild": ">=0.18"
      }
    },
    "node_modules/cac": {
      "version": "6.7.14",
      "resolved": "https://registry.npmjs.org/cac/-/cac-6.7.14.tgz",
      "integrity": "sha512-b6Ilus+c3RrdDk+JhLKUAQfzzgLEPy6wcXqS7f/xe1EETvsDP6GORG7SFuOs6cID5YkqchW/LXZbX5bc8j7ZcQ==",
      "dev": true,
      "license": "MIT",
      "engines": {
        "node": ">=8"
      }
    },
    "node_modules/chokidar": {
      "version": "4.0.3",
      "resolved": "https://registry.npmjs.org/chokidar/-/chokidar-4.0.3.tgz",
      "integrity": "sha512-Qgzu8kfBvo+cA4962jnP1KkS6Dop5NS6g7R5LFYJr4b8Ub94PPQXUksCw9PvXoeXPRRddRNC5C1JQUR2SMGtnA==",
      "dev": true,
      "license": "MIT",
      "dependencies": {
        "readdirp": "^4.0.1"
      },
      "engines": {
        "node": ">= 14.16.0"
      },
      "funding": {
        "url": "https://paulmillr.com/funding/"
      }
    },
    "node_modules/commander": {
      "version": "4.1.1",
      "resolved": "https://registry.npmjs.org/commander/-/commander-4.1.1.tgz",
      "integrity": "sha512-NOKm8xhkzAjzFx8B2v5OAHT+u5pRQc2UCa2Vq9jYL/31o2wi9mxBA7LIFs3sV5VSC49z6pEhfbMULvShKj26WA==",
      "dev": true,
      "license": "MIT",
      "engines": {
        "node": ">= 6"
      }
    },
    "node_modules/confbox": {
      "version": "0.1.8",
      "resolved": "https://registry.npmjs.org/confbox/-/confbox-0.1.8.tgz",
      "integrity": "sha512-RMtmw0iFkeR4YV+fUOSucriAQNb9g8zFR52MWCtl+cCZOFRNL6zeB395vPzFhEjjn4fMxXudmELnl/KF/WrK6w==",
      "dev": true,
      "license": "MIT"
    },
    "node_modules/consola": {
      "version": "3.4.2",
      "resolved": "https://registry.npmjs.org/consola/-/consola-3.4.2.tgz",
      "integrity": "sha512-5IKcdX0nnYavi6G7TtOhwkYzyjfJlatbjMjuLSfE2kYT5pMDOilZ4OvMhi637CcDICTmz3wARPoyhqyX1Y+XvA==",
      "dev": true,
      "license": "MIT",
      "engines": {
        "node": "^14.18.0 || >=16.10.0"
      }
    },
    "node_modules/debug": {
      "version": "4.4.3",
      "resolved": "https://registry.npmjs.org/debug/-/debug-4.4.3.tgz",
      "integrity": "sha512-RGwwWnwQvkVfavKVt22FGLw+xYSdzARwm0ru6DhTVA3umU5hZc28V3kO4stgYryrTlLpuvgI9GiijltAjNbcqA==",
      "dev": true,
      "license": "MIT",
      "dependencies": {
        "ms": "^2.1.3"
      },
      "engines": {
        "node": ">=6.0"
      },
      "peerDependenciesMeta": {
        "supports-color": {
          "optional": true
        }
      }
    },
    "node_modules/echarts": {
      "version": "5.6.0",
      "resolved": "https://registry.npmjs.org/echarts/-/echarts-5.6.0.tgz",
      "integrity": "sha512-oTbVTsXfKuEhxftHqL5xprgLoc0k7uScAwtryCgWF6hPYFLRwOUHiFmHGCBKP5NPFNkDVopOieyUqYGH8Fa3kA==",
      "dev": true,
      "license": "Apache-2.0",
      "dependencies": {
        "tslib": "2.3.0",
        "zrender": "5.6.1"
      }
    },
    "node_modules/esbuild": {
      "version": "0.27.7",
      "resolved": "https://registry.npmjs.org/esbuild/-/esbuild-0.27.7.tgz",
      "integrity": "sha512-IxpibTjyVnmrIQo5aqNpCgoACA/dTKLTlhMHihVHhdkxKyPO1uBBthumT0rdHmcsk9uMonIWS0m4FljWzILh3w==",
      "dev": true,
      "hasInstallScript": true,
      "license": "MIT",
      "bin": {
        "esbuild": "bin/esbuild"
      },
      "engines": {
        "node": ">=18"
      },
      "optionalDependencies": {
        "@esbuild/aix-ppc64": "0.27.7",
        "@esbuild/android-arm": "0.27.7",
        "@esbuild/android-arm64": "0.27.7",
        "@esbuild/android-x64": "0.27.7",
        "@esbuild/darwin-arm64": "0.27.7",
        "@esbuild/darwin-x64": "0.27.7",
        "@esbuild/freebsd-arm64": "0.27.7",
        "@esbuild/freebsd-x64": "0.27.7",
        "@esbuild/linux-arm": "0.27.7",
        "@esbuild/linux-arm64": "0.27.7",
        "@esbuild/linux-ia32": "0.27.7",
        "@esbuild/linux-loong64": "0.27.7",
        "@esbuild/linux-mips64el": "0.27.7",
        "@esbuild/linux-ppc64": "0.27.7",
        "@esbuild/linux-riscv64": "0.27.7",
        "@esbuild/linux-s390x": "0.27.7",
        "@esbuild/linux-x64": "0.27.7",
        "@esbuild/netbsd-arm64": "0.27.7",
        "@esbuild/netbsd-x64": "0.27.7",
        "@esbuild/openbsd-arm64": "0.27.7",
        "@esbuild/openbsd-x64": "0.27.7",
        "@esbuild/openharmony-arm64": "0.27.7",
        "@esbuild/sunos-x64": "0.27.7",
        "@esbuild/win32-arm64": "0.27.7",
        "@esbuild/win32-ia32": "0.27.7",
        "@esbuild/win32-x64": "0.27.7"
      }
    },
    "node_modules/fdir": {
      "version": "6.5.0",
      "resolved": "https://registry.npmjs.org/fdir/-/fdir-6.5.0.tgz",
      "integrity": "sha512-tIbYtZbucOs0BRGqPJkshJUYdL+SDH7dVM8gjy+ERp3WAUjLEFJE+02kanyHtwjWOnwrKYBiwAmM0p4kLJAnXg==",
      "dev": true,
      "license": "MIT",
      "engines": {
        "node": ">=12.0.0"
      },
      "peerDependencies": {
        "picomatch": "^3 || ^4"
      },
      "peerDependenciesMeta": {
        "picomatch": {
          "optional": true
        }
      }
    },
    "node_modules/fix-dts-default-cjs-exports": {
      "version": "1.0.1",
      "resolved": "https://registry.npmjs.org/fix-dts-default-cjs-exports/-/fix-dts-default-cjs-exports-1.0.1.tgz",
      "integrity": "sha512-pVIECanWFC61Hzl2+oOCtoJ3F17kglZC/6N94eRWycFgBH35hHx0Li604ZIzhseh97mf2p0cv7vVrOZGoqhlEg==",
      "dev": true,
      "license": "MIT",
      "dependencies": {
        "magic-string": "^0.30.17",
        "mlly": "^1.7.4",
        "rollup": "^4.34.8"
      }
    },
    "node_modules/joycon": {
      "version": "3.1.1",
      "resolved": "https://registry.npmjs.org/joycon/-/joycon-3.1.1.tgz",
      "integrity": "sha512-34wB/Y7MW7bzjKRjUKTa46I2Z7eV62Rkhva+KkopW7Qvv/OSWBqvkSY7vusOPrNuZcUG3tApvdVgNB8POj3SPw==",
      "dev": true,
      "license": "MIT",
      "engines": {
        "node": ">=10"
      }
    },
    "node_modules/leafer-ui": {
      "version": "1.12.4",
      "resolved": "https://registry.npmjs.org/leafer-ui/-/leafer-ui-1.12.4.tgz",
      "integrity": "sha512-7wY433MtoJcytrB4dNro7/ue930GfbifaxLhwPhGSAoCA0qhmwcmYO2IqY4oButRWbhpzS6hOlzt15OC82ezCg==",
      "dev": true,
      "license": "MIT",
      "dependencies": {
        "@leafer-in/interface": "1.12.4",
        "@leafer-ui/core": "1.12.4",
        "@leafer-ui/draw": "1.12.4",
        "@leafer-ui/interaction-web": "1.12.4",
        "@leafer-ui/interface": "1.12.4",
        "@leafer-ui/partner": "1.12.4",
        "@leafer-ui/web": "1.12.4",
        "@leafer/core": "1.12.4",
        "@leafer/interface": "1.12.4",
        "@leafer/partner": "1.12.4"
      }
    },
    "node_modules/lilconfig": {
      "version": "3.1.3",
      "resolved": "https://registry.npmjs.org/lilconfig/-/lilconfig-3.1.3.tgz",
      "integrity": "sha512-/vlFKAoH5Cgt3Ie+JLhRbwOsCQePABiU3tJ1egGvyQ+33R/vcwM2Zl2QR/LzjsBeItPt3oSVXapn+m4nQDvpzw==",
      "dev": true,
      "license": "MIT",
      "engines": {
        "node": ">=14"
      },
      "funding": {
        "url": "https://github.com/sponsors/antonk52"
      }
    },
    "node_modules/lines-and-columns": {
      "version": "1.2.4",
      "resolved": "https://registry.npmjs.org/lines-and-columns/-/lines-and-columns-1.2.4.tgz",
      "integrity": "sha512-7ylylesZQ/PV29jhEDl3Ufjo6ZX7gCqJr5F7PKrqc93v7fzSymt1BpwEU8nAUXs8qzzvqhbjhK5QZg6Mt/HkBg==",
      "dev": true,
      "license": "MIT"
    },
    "node_modules/load-tsconfig": {
      "version": "0.2.5",
      "resolved": "https://registry.npmjs.org/load-tsconfig/-/load-tsconfig-0.2.5.tgz",
      "integrity": "sha512-IXO6OCs9yg8tMKzfPZ1YmheJbZCiEsnBdcB03l0OcfK9prKnJb96siuHCr5Fl37/yo9DnKU+TLpxzTUspw9shg==",
      "dev": true,
      "license": "MIT",
      "engines": {
        "node": "^12.20.0 || ^14.13.1 || >=16.0.0"
      }
    },
    "node_modules/magic-string": {
      "version": "0.30.21",
      "resolved": "https://registry.npmjs.org/magic-string/-/magic-string-0.30.21.tgz",
      "integrity": "sha512-vd2F4YUyEXKGcLHoq+TEyCjxueSeHnFxyyjNp80yg0XV4vUhnDer/lvvlqM/arB5bXQN5K2/3oinyCRyx8T2CQ==",
      "dev": true,
      "license": "MIT",
      "dependencies": {
        "@jridgewell/sourcemap-codec": "^1.5.5"
      }
    },
    "node_modules/mlly": {
      "version": "1.8.2",
      "resolved": "https://registry.npmjs.org/mlly/-/mlly-1.8.2.tgz",
      "integrity": "sha512-d+ObxMQFmbt10sretNDytwt85VrbkhhUA/JBGm1MPaWJ65Cl4wOgLaB1NYvJSZ0Ef03MMEU/0xpPMXUIQ29UfA==",
      "dev": true,
      "license": "MIT",
      "dependencies": {
        "acorn": "^8.16.0",
        "pathe": "^2.0.3",
        "pkg-types": "^1.3.1",
        "ufo": "^1.6.3"
      }
    },
    "node_modules/ms": {
      "version": "2.1.3",
      "resolved": "https://registry.npmjs.org/ms/-/ms-2.1.3.tgz",
      "integrity": "sha512-6FlzubTLZG3J2a/NVCAleEhjzq5oxgHyaCU9yYXvcLsvoVaHJq/s5xXI6/XXP6tz7R9xAOtHnSO/tXtF3WRTlA==",
      "dev": true,
      "license": "MIT"
    },
    "node_modules/mz": {
      "version": "2.7.0",
      "resolved": "https://registry.npmjs.org/mz/-/mz-2.7.0.tgz",
      "integrity": "sha512-z81GNO7nnYMEhrGh9LeymoE4+Yr0Wn5McHIZMK5cfQCl+NDX08sCZgUc9/6MHni9IWuFLm1Z3HTCXu2z9fN62Q==",
      "dev": true,
      "license": "MIT",
      "dependencies": {
        "any-promise": "^1.0.0",
        "object-assign": "^4.0.1",
        "thenify-all": "^1.0.0"
      }
    },
    "node_modules/object-assign": {
      "version": "4.1.1",
      "resolved": "https://registry.npmjs.org/object-assign/-/object-assign-4.1.1.tgz",
      "integrity": "sha512-rJgTQnkUnH1sFw8yT6VSU3zD3sWmu6sZhIseY8VX+GRu3P6F7Fu+JNDoXfklElbLJSnc3FUQHVe4cU5hj+BcUg==",
      "dev": true,
      "license": "MIT",
      "engines": {
        "node": ">=0.10.0"
      }
    },
    "node_modules/pathe": {
      "version": "2.0.3",
      "resolved": "https://registry.npmjs.org/pathe/-/pathe-2.0.3.tgz",
      "integrity": "sha512-WUjGcAqP1gQacoQe+OBJsFA7Ld4DyXuUIjZ5cc75cLHvJ7dtNsTugphxIADwspS+AraAUePCKrSVtPLFj/F88w==",
      "dev": true,
      "license": "MIT"
    },
    "node_modules/picocolors": {
      "version": "1.1.1",
      "resolved": "https://registry.npmjs.org/picocolors/-/picocolors-1.1.1.tgz",
      "integrity": "sha512-xceH2snhtb5M9liqDsmEw56le376mTZkEX/jEb/RxNFyegNul7eNslCXP9FDj/Lcu0X8KEyMceP2ntpaHrDEVA==",
      "dev": true,
      "license": "ISC"
    },
    "node_modules/picomatch": {
      "version": "4.0.4",
      "resolved": "https://registry.npmjs.org/picomatch/-/picomatch-4.0.4.tgz",
      "integrity": "sha512-QP88BAKvMam/3NxH6vj2o21R6MjxZUAd6nlwAS/pnGvN9IVLocLHxGYIzFhg6fUQ+5th6P4dv4eW9jX3DSIj7A==",
      "dev": true,
      "license": "MIT",
      "engines": {
        "node": ">=12"
      },
      "funding": {
        "url": "https://github.com/sponsors/jonschlinkert"
      }
    },
    "node_modules/pirates": {
      "version": "4.0.7",
      "resolved": "https://registry.npmjs.org/pirates/-/pirates-4.0.7.tgz",
      "integrity": "sha512-TfySrs/5nm8fQJDcBDuUng3VOUKsd7S+zqvbOTiGXHfxX4wK31ard+hoNuvkicM/2YFzlpDgABOevKSsB4G/FA==",
      "dev": true,
      "license": "MIT",
      "engines": {
        "node": ">= 6"
      }
    },
    "node_modules/pkg-types": {
      "version": "1.3.1",
      "resolved": "https://registry.npmjs.org/pkg-types/-/pkg-types-1.3.1.tgz",
      "integrity": "sha512-/Jm5M4RvtBFVkKWRu2BLUTNP8/M2a+UwuAX+ae4770q1qVGtfjG+WTCupoZixokjmHiry8uI+dlY8KXYV5HVVQ==",
      "dev": true,
      "license": "MIT",
      "dependencies": {
        "confbox": "^0.1.8",
        "mlly": "^1.7.4",
        "pathe": "^2.0.1"
      }
    },
    "node_modules/postcss-load-config": {
      "version": "6.0.1",
      "resolved": "https://registry.npmjs.org/postcss-load-config/-/postcss-load-config-6.0.1.tgz",
      "integrity": "sha512-oPtTM4oerL+UXmx+93ytZVN82RrlY/wPUV8IeDxFrzIjXOLF1pN+EmKPLbubvKHT2HC20xXsCAH2Z+CKV6Oz/g==",
      "dev": true,
      "funding": [
        {
          "type": "opencollective",
          "url": "https://opencollective.com/postcss/"
        },
        {
          "type": "github",
          "url": "https://github.com/sponsors/ai"
        }
      ],
      "license": "MIT",
      "dependencies": {
        "lilconfig": "^3.1.1"
      },
      "engines": {
        "node": ">= 18"
      },
      "peerDependencies": {
        "jiti": ">=1.21.0",
        "postcss": ">=8.0.9",
        "tsx": "^4.8.1",
        "yaml": "^2.4.2"
      },
      "peerDependenciesMeta": {
        "jiti": {
          "optional": true
        },
        "postcss": {
          "optional": true
        },
        "tsx": {
          "optional": true
        },
        "yaml": {
          "optional": true
        }
      }
    },
    "node_modules/readdirp": {
      "version": "4.1.2",
      "resolved": "https://registry.npmjs.org/readdirp/-/readdirp-4.1.2.tgz",
      "integrity": "sha512-GDhwkLfywWL2s6vEjyhri+eXmfH6j1L7JE27WhqLeYzoh/A3DBaYGEj2H/HFZCn/kMfim73FXxEJTw06WtxQwg==",
      "dev": true,
      "license": "MIT",
      "engines": {
        "node": ">= 14.18.0"
      },
      "funding": {
        "type": "individual",
        "url": "https://paulmillr.com/funding/"
      }
    },
    "node_modules/resolve-from": {
      "version": "5.0.0",
      "resolved": "https://registry.npmjs.org/resolve-from/-/resolve-from-5.0.0.tgz",
      "integrity": "sha512-qYg9KP24dD5qka9J47d0aVky0N+b4fTU89LN9iDnjB5waksiC49rvMB0PrUJQGoTmH50XPiqOvAjDfaijGxYZw==",
      "dev": true,
      "license": "MIT",
      "engines": {
        "node": ">=8"
      }
    },
    "node_modules/rollup": {
      "version": "4.60.1",
      "resolved": "https://registry.npmjs.org/rollup/-/rollup-4.60.1.tgz",
      "integrity": "sha512-VmtB2rFU/GroZ4oL8+ZqXgSA38O6GR8KSIvWmEFv63pQ0G6KaBH9s07PO8XTXP4vI+3UJUEypOfjkGfmSBBR0w==",
      "dev": true,
      "license": "MIT",
      "dependencies": {
        "@types/estree": "1.0.8"
      },
      "bin": {
        "rollup": "dist/bin/rollup"
      },
      "engines": {
        "node": ">=18.0.0",
        "npm": ">=8.0.0"
      },
      "optionalDependencies": {
        "@rollup/rollup-android-arm-eabi": "4.60.1",
        "@rollup/rollup-android-arm64": "4.60.1",
        "@rollup/rollup-darwin-arm64": "4.60.1",
        "@rollup/rollup-darwin-x64": "4.60.1",
        "@rollup/rollup-freebsd-arm64": "4.60.1",
        "@rollup/rollup-freebsd-x64": "4.60.1",
        "@rollup/rollup-linux-arm-gnueabihf": "4.60.1",
        "@rollup/rollup-linux-arm-musleabihf": "4.60.1",
        "@rollup/rollup-linux-arm64-gnu": "4.60.1",
        "@rollup/rollup-linux-arm64-musl": "4.60.1",
        "@rollup/rollup-linux-loong64-gnu": "4.60.1",
        "@rollup/rollup-linux-loong64-musl": "4.60.1",
        "@rollup/rollup-linux-ppc64-gnu": "4.60.1",
        "@rollup/rollup-linux-ppc64-musl": "4.60.1",
        "@rollup/rollup-linux-riscv64-gnu": "4.60.1",
        "@rollup/rollup-linux-riscv64-musl": "4.60.1",
        "@rollup/rollup-linux-s390x-gnu": "4.60.1",
        "@rollup/rollup-linux-x64-gnu": "4.60.1",
        "@rollup/rollup-linux-x64-musl": "4.60.1",
        "@rollup/rollup-openbsd-x64": "4.60.1",
        "@rollup/rollup-openharmony-arm64": "4.60.1",
        "@rollup/rollup-win32-arm64-msvc": "4.60.1",
        "@rollup/rollup-win32-ia32-msvc": "4.60.1",
        "@rollup/rollup-win32-x64-gnu": "4.60.1",
        "@rollup/rollup-win32-x64-msvc": "4.60.1",
        "fsevents": "~2.3.2"
      }
    },
    "node_modules/source-map": {
      "version": "0.7.6",
      "resolved": "https://registry.npmjs.org/source-map/-/source-map-0.7.6.tgz",
      "integrity": "sha512-i5uvt8C3ikiWeNZSVZNWcfZPItFQOsYTUAOkcUPGd8DqDy1uOUikjt5dG+uRlwyvR108Fb9DOd4GvXfT0N2/uQ==",
      "dev": true,
      "license": "BSD-3-Clause",
      "engines": {
        "node": ">= 12"
      }
    },
    "node_modules/sucrase": {
      "version": "3.35.1",
      "resolved": "https://registry.npmjs.org/sucrase/-/sucrase-3.35.1.tgz",
      "integrity": "sha512-DhuTmvZWux4H1UOnWMB3sk0sbaCVOoQZjv8u1rDoTV0HTdGem9hkAZtl4JZy8P2z4Bg0nT+YMeOFyVr4zcG5Tw==",
      "dev": true,
      "license": "MIT",
      "dependencies": {
        "@jridgewell/gen-mapping": "^0.3.2",
        "commander": "^4.0.0",
        "lines-and-columns": "^1.1.6",
        "mz": "^2.7.0",
        "pirates": "^4.0.1",
        "tinyglobby": "^0.2.11",
        "ts-interface-checker": "^0.1.9"
      },
      "bin": {
        "sucrase": "bin/sucrase",
        "sucrase-node": "bin/sucrase-node"
      },
      "engines": {
        "node": ">=16 || 14 >=14.17"
      }
    },
    "node_modules/thenify": {
      "version": "3.3.1",
      "resolved": "https://registry.npmjs.org/thenify/-/thenify-3.3.1.tgz",
      "integrity": "sha512-RVZSIV5IG10Hk3enotrhvz0T9em6cyHBLkH/YAZuKqd8hRkKhSfCGIcP2KUY0EPxndzANBmNllzWPwak+bheSw==",
      "dev": true,
      "license": "MIT",
      "dependencies": {
        "any-promise": "^1.0.0"
      }
    },
    "node_modules/thenify-all": {
      "version": "1.6.0",
      "resolved": "https://registry.npmjs.org/thenify-all/-/thenify-all-1.6.0.tgz",
      "integrity": "sha512-RNxQH/qI8/t3thXJDwcstUO4zeqo64+Uy/+sNVRBx4Xn2OX+OZ9oP+iJnNFqplFra2ZUVeKCSa2oVWi3T4uVmA==",
      "dev": true,
      "license": "MIT",
      "dependencies": {
        "thenify": ">= 3.1.0 < 4"
      },
      "engines": {
        "node": ">=0.8"
      }
    },
    "node_modules/tinyexec": {
      "version": "0.3.2",
      "resolved": "https://registry.npmjs.org/tinyexec/-/tinyexec-0.3.2.tgz",
      "integrity": "sha512-KQQR9yN7R5+OSwaK0XQoj22pwHoTlgYqmUscPYoknOoWCWfj/5/ABTMRi69FrKU5ffPVh5QcFikpWJI/P1ocHA==",
      "dev": true,
      "license": "MIT"
    },
    "node_modules/tinyglobby": {
      "version": "0.2.15",
      "resolved": "https://registry.npmjs.org/tinyglobby/-/tinyglobby-0.2.15.tgz",
      "integrity": "sha512-j2Zq4NyQYG5XMST4cbs02Ak8iJUdxRM0XI5QyxXuZOzKOINmWurp3smXu3y5wDcJrptwpSjgXHzIQxR0omXljQ==",
      "dev": true,
      "license": "MIT",
      "dependencies": {
        "fdir": "^6.5.0",
        "picomatch": "^4.0.3"
      },
      "engines": {
        "node": ">=12.0.0"
      },
      "funding": {
        "url": "https://github.com/sponsors/SuperchupuDev"
      }
    },
    "node_modules/tree-kill": {
      "version": "1.2.2",
      "resolved": "https://registry.npmjs.org/tree-kill/-/tree-kill-1.2.2.tgz",
      "integrity": "sha512-L0Orpi8qGpRG//Nd+H90vFB+3iHnue1zSSGmNOOCh1GLJ7rUKVwV2HvijphGQS2UmhUZewS9VgvxYIdgr+fG1A==",
      "dev": true,
      "license": "MIT",
      "bin": {
        "tree-kill": "cli.js"
      }
    },
    "node_modules/ts-interface-checker": {
      "version": "0.1.13",
      "resolved": "https://registry.npmjs.org/ts-interface-checker/-/ts-interface-checker-0.1.13.tgz",
      "integrity": "sha512-Y/arvbn+rrz3JCKl9C4kVNfTfSm2/mEp5FSz5EsZSANGPSlQrpRI5M4PKF+mJnE52jOO90PnPSc3Ur3bTQw0gA==",
      "dev": true,
      "license": "Apache-2.0"
    },
    "node_modules/tslib": {
      "version": "2.3.0",
      "resolved": "https://registry.npmjs.org/tslib/-/tslib-2.3.0.tgz",
      "integrity": "sha512-N82ooyxVNm6h1riLCoyS9e3fuJ3AMG2zIZs2Gd1ATcSFjSA23Q0fzjjZeh0jbJvWVDZ0cJT8yaNNaaXHzueNjg==",
      "dev": true,
      "license": "0BSD"
    },
    "node_modules/tsup": {
      "version": "8.5.1",
      "resolved": "https://registry.npmjs.org/tsup/-/tsup-8.5.1.tgz",
      "integrity": "sha512-xtgkqwdhpKWr3tKPmCkvYmS9xnQK3m3XgxZHwSUjvfTjp7YfXe5tT3GgWi0F2N+ZSMsOeWeZFh7ZZFg5iPhing==",
      "dev": true,
      "license": "MIT",
      "dependencies": {
        "bundle-require": "^5.1.0",
        "cac": "^6.7.14",
        "chokidar": "^4.0.3",
        "consola": "^3.4.0",
        "debug": "^4.4.0",
        "esbuild": "^0.27.0",
        "fix-dts-default-cjs-exports": "^1.0.0",
        "joycon": "^3.1.1",
        "picocolors": "^1.1.1",
        "postcss-load-config": "^6.0.1",
        "resolve-from": "^5.0.0",
        "rollup": "^4.34.8",
        "source-map": "^0.7.6",
        "sucrase": "^3.35.0",
        "tinyexec": "^0.3.2",
        "tinyglobby": "^0.2.11",
        "tree-kill": "^1.2.2"
      },
      "bin": {
        "tsup": "dist/cli-default.js",
        "tsup-node": "dist/cli-node.js"
      },
      "engines": {
        "node": ">=18"
      },
      "peerDependencies": {
        "@microsoft/api-extractor": "^7.36.0",
        "@swc/core": "^1",
        "postcss": "^8.4.12",
        "typescript": ">=4.5.0"
      },
      "peerDependenciesMeta": {
        "@microsoft/api-extractor": {
          "optional": true
        },
        "@swc/core": {
          "optional": true
        },
        "postcss": {
          "optional": true
        },
        "typescript": {
          "optional": true
        }
      }
    },
    "node_modules/typescript": {
      "version": "5.9.3",
      "resolved": "https://registry.npmjs.org/typescript/-/typescript-5.9.3.tgz",
      "integrity": "sha512-jl1vZzPDinLr9eUt3J/t7V6FgNEw9QjvBPdysz9KfQDD41fQrC2Y4vKQdiaUpFT4bXlb1RHhLpp8wtm6M5TgSw==",
      "dev": true,
      "license": "Apache-2.0",
      "bin": {
        "tsc": "bin/tsc",
        "tsserver": "bin/tsserver"
      },
      "engines": {
        "node": ">=14.17"
      }
    },
    "node_modules/ufo": {
      "version": "1.6.3",
      "resolved": "https://registry.npmjs.org/ufo/-/ufo-1.6.3.tgz",
      "integrity": "sha512-yDJTmhydvl5lJzBmy/hyOAA0d+aqCBuwl818haVdYCRrWV84o7YyeVm4QlVHStqNrrJSTb6jKuFAVqAFsr+K3Q==",
      "dev": true,
      "license": "MIT"
    },
    "node_modules/zrender": {
      "version": "5.6.1",
      "resolved": "https://registry.npmjs.org/zrender/-/zrender-5.6.1.tgz",
      "integrity": "sha512-OFXkDJKcrlx5su2XbzJvj/34Q3m6PvyCZkVPHGYpcCJ52ek4U/ymZyfuV1nKE23AyBJ51E/6Yr0mhZ7xGTO4ag==",
      "dev": true,
      "license": "BSD-3-Clause",
      "dependencies": {
        "tslib": "2.3.0"
      }
    }
  }
}
